<?xml version="1.0" encoding="utf-8"?>
<Project ToolsVersion="4.0" xmlns="http://schemas.microsoft.com/developer/msbuild/2003">
  <ItemGroup>
    <ClInclude Include="Main.h" />
    <ClInclude Include="Base\Color.h" />
    <ClInclude Include="Graphics\Graphics.h" />
    <ClInclude Include="Game\Panel.h" />
    <ClInclude Include="Game\Game.h" />
    <ClInclude Include="Base\Thread.h" />
    <ClInclude Include="TestPanel.h" />
    <ClInclude Include="Input\Input.h" />
    <ClInclude Include="Physics\Sensor.h" />
    <ClInclude Include="Graphics\Texture.h" />
    <ClInclude Include="Graphics\SpriteSheet.h" />
    <ClInclude Include="Physics\DynamicBody.h" />
    <ClInclude Include="Graphics\Animator.h" />
    <ClInclude Include="Game\Entity.h" />
    <ClInclude Include="Game\Component.h" />
    <ClInclude Include="Game\Message.h" />
    <ClInclude Include="Graphics\Renderer.h" />
    <ClInclude Include="Game\MessageParams.h" />
    <ClInclude Include="Physics\StaticBody.h" />
    <ClInclude Include="Input\InputController.h" />
    <ClInclude Include="Game\Position.h" />
    <ClInclude Include="Game\EntityOrientation.h" />
    <ClInclude Include="Graphics\ViewManager.h" />
    <ClInclude Include="AI\Sentry.h" />
    <ClInclude Include="Game\DrawPosition.h" />
    <ClInclude Include="Game\StateMachineComponent.h" />
    <ClInclude Include="Game\ActionController.h" />
    <ClInclude Include="AI\Camera.h" />
    <ClInclude Include="Physics\Sight.h" />
    <ClInclude Include="Base\Math.h" />
    <ClInclude Include="Physics\Grid.h" />
    <ClInclude Include="Game\EntitiesManager.h" />
    <ClInclude Include="AI\Patrol.h" />
    <ClInclude Include="Base\Timer.h" />
    <ClInclude Include="AI\NavigationGraph.h" />
    <ClInclude Include="AI\Pathfinder.h" />
    <ClInclude Include="AI\Navigator.h" />
    <ClInclude Include="Game\MessageUtils.h" />
    <ClInclude Include="Base\BaseEnums.h" />
    <ClInclude Include="Game\GameEnums.h" />
    <ClInclude Include="Game\BasePanel.h" />
    <ClInclude Include="Game\DebugInfo.h" />
    <ClInclude Include="Base\Segment.h" />
    <ClInclude Include="Base\NumericPair.h" />
    <ClInclude Include="Game\MovementUtils.h" />
    <ClInclude Include="Base\Shape.h" />
    <ClInclude Include="Base\ShapeOperations.h" />
    <ClInclude Include="Base\AABB.h" />
    <ClInclude Include="Base\YABP.h" />
  </ItemGroup>
  <ItemGroup>
    <ClCompile Include="Main.cpp" />
    <ClCompile Include="Base\Color.cpp" />
    <ClCompile Include="Graphics\Graphics.cpp" />
    <ClCompile Include="Game\Game.cpp" />
    <ClCompile Include="Base\Thread.cpp" />
    <ClCompile Include="TestPanel.cpp" />
    <ClCompile Include="Input\Input.cpp" />
    <ClCompile Include="Physics\Sensor.cpp" />
    <ClCompile Include="Graphics\Texture.cpp" />
    <ClCompile Include="Physics\DynamicBody.cpp" />
    <ClCompile Include="Graphics\Animator.cpp" />
    <ClCompile Include="Game\Entity.cpp" />
    <ClCompile Include="Graphics\SpriteSheet.cpp" />
    <ClCompile Include="Graphics\Renderer.cpp" />
    <ClCompile Include="Game\Component.cpp" />
    <ClCompile Include="Input\InputController.cpp" />
    <ClCompile Include="Game\Position.cpp" />
    <ClCompile Include="Game\EntityOrientation.cpp" />
    <ClCompile Include="Graphics\ViewManager.cpp" />
    <ClCompile Include="AI\Sentry.cpp" />
    <ClCompile Include="Game\DrawPosition.cpp" />
    <ClCompile Include="Game\StateMachineComponent.cpp" />
    <ClCompile Include="Game\ActionController.cpp" />
    <ClCompile Include="AI\Camera.cpp" />
    <ClCompile Include="Physics\Sight.cpp" />
    <ClCompile Include="Physics\Grid.cpp" />
    <ClCompile Include="Game\EntitiesManager.cpp" />
    <ClCompile Include="AI\Patrol.cpp" />
    <ClCompile Include="AI\NavigationGraph.cpp" />
    <ClCompile Include="AI\Pathfinder.cpp" />
    <ClCompile Include="AI\Navigator.cpp" />
    <ClCompile Include="Game\MessageUtils.cpp" />
    <ClCompile Include="Physics\StaticBody.cpp" />
    <ClCompile Include="Game\BasePanel.cpp" />
    <ClCompile Include="Game\DebugInfo.cpp" />
    <ClCompile Include="Base\Segment.cpp" />
    <ClCompile Include="Base\NumericPair.cpp" />
    <ClCompile Include="Game\MovementUtils.cpp" />
    <ClCompile Include="Base\ShapeOperations.cpp" />
    <ClCompile Include="Base\Math.cpp" />
    <ClCompile Include="Base\AABB.cpp" />
  </ItemGroup>
</Project>