<?xml version="1.0" encoding="utf-8"?>
<Project ToolsVersion="4.0" xmlns="http://schemas.microsoft.com/developer/msbuild/2003">
  <ItemGroup>
    <ClInclude Include="Main.h" />
    <ClInclude Include="TestPanel.h" />
    <ClInclude Include="YABP.h" />
    <ClInclude Include="AABB.h" />
    <ClInclude Include="BaseEnums.h" />
    <ClInclude Include="BaseUtils.h" />
    <ClInclude Include="Color.h" />
    <ClInclude Include="Hash.h" />
    <ClInclude Include="Math.h" />
    <ClInclude Include="NumericPair.h" />
    <ClInclude Include="Segment.h" />
    <ClInclude Include="Serialization.h" />
    <ClInclude Include="Shape.h" />
    <ClInclude Include="ShapeOperations.h" />
    <ClInclude Include="Thread.h" />
    <ClInclude Include="Timer.h" />
    <ClInclude Include="TemporalEcho.h" />
    <ClInclude Include="ActionController.h" />
    <ClInclude Include="BasePanel.h" />
    <ClInclude Include="Component.h" />
    <ClInclude Include="DebugInfo.h" />
    <ClInclude Include="DrawPosition.h" />
    <ClInclude Include="EntitiesManager.h" />
    <ClInclude Include="Entity.h" />
    <ClInclude Include="Game.h" />
    <ClInclude Include="GameEnums.h" />
    <ClInclude Include="Message.h" />
    <ClInclude Include="MessageParams.h" />
    <ClInclude Include="MessageUtils.h" />
    <ClInclude Include="MovementUtils.h" />
    <ClInclude Include="Orientation.h" />
    <ClInclude Include="Panel.h" />
    <ClInclude Include="Position.h" />
    <ClInclude Include="StateMachineComponent.h" />
    <ClInclude Include="ViewManager.h" />
    <ClInclude Include="Animator.h" />
    <ClInclude Include="Graphics.h" />
    <ClInclude Include="Renderer.h" />
    <ClInclude Include="SpriteSheet.h" />
    <ClInclude Include="Texture.h" />
    <ClInclude Include="Input.h" />
    <ClInclude Include="InputController.h" />
    <ClInclude Include="StaticBody.h" />
    <ClInclude Include="DynamicBody.h" />
    <ClInclude Include="Grid.h" />
    <ClInclude Include="Sensor.h" />
    <ClInclude Include="Sight.h" />
    <ClInclude Include="Camera.h" />
    <ClInclude Include="NavigationGraph.h" />
    <ClInclude Include="Navigator.h" />
    <ClInclude Include="Pathfinder.h" />
    <ClInclude Include="Patrol.h" />
    <ClInclude Include="Sentry.h" />
  </ItemGroup>
  <ItemGroup>
    <ClCompile Include="Main.cpp" />
    <ClCompile Include="TestPanel.cpp" />
    <ClCompile Include="AABB.cpp" />
    <ClCompile Include="BaseUtils.cpp" />
    <ClCompile Include="Color.cpp" />
    <ClCompile Include="Hash.cpp" />
    <ClCompile Include="Math.cpp" />
    <ClCompile Include="NumericPair.cpp" />
    <ClCompile Include="Segment.cpp" />
    <ClCompile Include="ShapeOperations.cpp" />
    <ClCompile Include="Thread.cpp" />
    <ClCompile Include="ActionController.cpp" />
    <ClCompile Include="BasePanel.cpp" />
    <ClCompile Include="Component.cpp" />
    <ClCompile Include="DebugInfo.cpp" />
    <ClCompile Include="DrawPosition.cpp" />
    <ClCompile Include="EntitiesManager.cpp" />
    <ClCompile Include="Entity.cpp" />
    <ClCompile Include="Game.cpp" />
    <ClCompile Include="MessageUtils.cpp" />
    <ClCompile Include="MovementUtils.cpp" />
    <ClCompile Include="Orientation.cpp" />
    <ClCompile Include="Position.cpp" />
    <ClCompile Include="StateMachineComponent.cpp" />
    <ClCompile Include="TemporalEcho.cpp" />
    <ClCompile Include="Animator.cpp" />
    <ClCompile Include="Graphics.cpp" />
    <ClCompile Include="Renderer.cpp" />
    <ClCompile Include="SpriteSheet.cpp" />
    <ClCompile Include="Texture.cpp" />
    <ClCompile Include="ViewManager.cpp" />
    <ClCompile Include="Input.cpp" />
    <ClCompile Include="InputController.cpp" />
    <ClCompile Include="DynamicBody.cpp" />
    <ClCompile Include="Grid.cpp" />
    <ClCompile Include="Sensor.cpp" />
    <ClCompile Include="Sight.cpp" />
    <ClCompile Include="StaticBody.cpp" />
    <ClCompile Include="Camera.cpp" />
    <ClCompile Include="NavigationGraph.cpp" />
    <ClCompile Include="Navigator.cpp" />
    <ClCompile Include="Pathfinder.cpp" />
    <ClCompile Include="Patrol.cpp" />
    <ClCompile Include="Sentry.cpp" />
  </ItemGroup>
</Project>